
Microsoft Visual Studio Solution File, Format Version 12.00
# Visual Studio Version 17
VisualStudioVersion = 17.5.33424.131
MinimumVisualStudioVersion = 10.0.40219.1
Project("{FAE04EC0-301F-11D3-BF4B-00C04F79EFBC}") = "Variabler", "Variabler\Variabler.csproj", "{B16E9EA2-AFB8-4B2C-BCDC-B76EF7C6C4CE}"
EndProject
Global
	GlobalSection(SolutionConfigurationPlatforms) = preSolution
		Debug|Any CPU = Debug|Any CPU
		Release|Any CPU = Release|Any CPU
	EndGlobalSection
	GlobalSection(ProjectConfigurationPlatforms) = postSolution
		{B16E9EA2-AFB8-4B2C-BCDC-B76EF7C6C4CE}.Debug|Any CPU.ActiveCfg = Debug|Any CPU
		{B16E9EA2-AFB8-4B2C-BCDC-B76EF7C6C4CE}.Debug|Any CPU.Build.0 = Debug|Any CPU
		{B16E9EA2-AFB8-4B2C-BCDC-B76EF7C6C4CE}.Release|Any CPU.ActiveCfg = Release|Any CPU
		{B16E9EA2-AFB8-4B2C-BCDC-B76EF7C6C4CE}.Release|Any CPU.Build.0 = Release|Any CPU
	EndGlobalSection
	GlobalSection(SolutionProperties) = preSolution
		HideSolutionNode = FALSE
	EndGlobalSection
	GlobalSection(ExtensibilityGlobals) = postSolution
		SolutionGuid = {871F83E8-E638-4C22-805B-9923B8DC2EAB}
	EndGlobalSection
EndGlobal
